
Microsoft Visual Studio Solution File, Format Version 12.00
# Visual Studio Version 16
VisualStudioVersion = 16.0.30621.155
MinimumVisualStudioVersion = 10.0.40219.1
Project("{FAE04EC0-301F-11D3-BF4B-00C04F79EFBC}") = "DND-Initiative-Tracker", "DND-Initiative-Tracker.csproj", "{DCBBB92E-8985-4B9D-8BB8-ABCE21E68030}"
EndProject
Global
	GlobalSection(SolutionConfigurationPlatforms) = preSolution
		Debug|Any CPU = Debug|Any CPU
		Release|Any CPU = Release|Any CPU
	EndGlobalSection
	GlobalSection(ProjectConfigurationPlatforms) = postSolution
		{DCBBB92E-8985-4B9D-8BB8-ABCE21E68030}.Debug|Any CPU.ActiveCfg = Debug|Any CPU
		{DCBBB92E-8985-4B9D-8BB8-ABCE21E68030}.Debug|Any CPU.Build.0 = Debug|Any CPU
		{DCBBB92E-8985-4B9D-8BB8-ABCE21E68030}.Release|Any CPU.ActiveCfg = Release|Any CPU
		{DCBBB92E-8985-4B9D-8BB8-ABCE21E68030}.Release|Any CPU.Build.0 = Release|Any CPU
	EndGlobalSection
	GlobalSection(SolutionProperties) = preSolution
		HideSolutionNode = FALSE
	EndGlobalSection
	GlobalSection(ExtensibilityGlobals) = postSolution
		SolutionGuid = {EC693886-94AD-4126-ADC1-1486D992B1CD}
	EndGlobalSection
EndGlobal
